
Microsoft Visual Studio Solution File, Format Version 12.00
# Visual Studio Version 16
VisualStudioVersion = 16.0.30225.117
MinimumVisualStudioVersion = 10.0.40219.1
Project("{FAE04EC0-301F-11D3-BF4B-00C04F79EFBC}") = "API3", "API3\API3.csproj", "{5311ADA8-0815-46E7-9B45-E566CEE523BC}"
EndProject
Global
	GlobalSection(SolutionConfigurationPlatforms) = preSolution
		Debug|Any CPU = Debug|Any CPU
		Release|Any CPU = Release|Any CPU
	EndGlobalSection
	GlobalSection(ProjectConfigurationPlatforms) = postSolution
		{5311ADA8-0815-46E7-9B45-E566CEE523BC}.Debug|Any CPU.ActiveCfg = Debug|Any CPU
		{5311ADA8-0815-46E7-9B45-E566CEE523BC}.Debug|Any CPU.Build.0 = Debug|Any CPU
		{5311ADA8-0815-46E7-9B45-E566CEE523BC}.Release|Any CPU.ActiveCfg = Release|Any CPU
		{5311ADA8-0815-46E7-9B45-E566CEE523BC}.Release|Any CPU.Build.0 = Release|Any CPU
	EndGlobalSection
	GlobalSection(SolutionProperties) = preSolution
		HideSolutionNode = FALSE
	EndGlobalSection
	GlobalSection(ExtensibilityGlobals) = postSolution
		SolutionGuid = {4964609C-25D3-450D-A09D-E5D971793FF5}
	EndGlobalSection
EndGlobal
